{
  "originHash" : "bcf1d5427917aa0282bf8ea141b263e93cf6d79ec43e246b3b108cddd9b6ab0f",
  "pins" : [
    {
      "identity" : "alamofire",
      "kind" : "remoteSourceControl",
      "location" : "https://github.com/Alamofire/Alamofire.git",
      "state" : {
        "revision" : "f455c2975872ccd2d9c81594c658af65716e9b9a",
        "version" : "5.9.1"
      }
    },
    {
      "identity" : "otpview-swiftui",
      "kind" : "remoteSourceControl",
      "location" : "https://github.com/mmmmmob/otpview-swiftui",
      "state" : {
        "branch" : "main",
        "revision" : "4e8b2faf3df81c9fb92e11012fdb68c053e7afbe"
      }
    },
    {
      "identity" : "swiftyjson",
      "kind" : "remoteSourceControl",
      "location" : "https://github.com/SwiftyJSON/SwiftyJSON.git",
      "state" : {
        "revision" : "af76cf3ef710b6ca5f8c05f3a31307d44a3c5828",
        "version" : "5.0.2"
      }
    }
  ],
  "version" : 3
}
