// !$*UTF8*$!
{
	archiveVersion = 1;
	classes = {
	};
	objectVersion = 56;
	objects = {

/* Begin PBXBuildFile section */
		4A8C44082BFA747C000461B9 /* CheckResultView.swift in Sources */ = {isa = PBXBuildFile; fileRef = 4A8C44072BFA747C000461B9 /* CheckResultView.swift */; };
		4A8C440A2BFA748F000461B9 /* SummaryView.swift in Sources */ = {isa = PBXBuildFile; fileRef = 4A8C44092BFA748F000461B9 /* SummaryView.swift */; };
		4A8C440D2BFAFA75000461B9 /* DateExtension.swift in Sources */ = {isa = PBXBuildFile; fileRef = 4A8C440C2BFAFA75000461B9 /* DateExtension.swift */; };
		4A8C44132BFB5026000461B9 /* Alamofire in Frameworks */ = {isa = PBXBuildFile; productRef = 4A8C44122BFB5026000461B9 /* Alamofire */; };
		4A8C441A2BFB567A000461B9 /* SwiftyJSON in Frameworks */ = {isa = PBXBuildFile; productRef = 4A8C44192BFB567A000461B9 /* SwiftyJSON */; };
		4A8C441E2BFB675C000461B9 /* ResultLotto.swift in Sources */ = {isa = PBXBuildFile; fileRef = 4A8C441D2BFB675B000461B9 /* ResultLotto.swift */; };
		4ABEF1922BFC42D300904D3E /* CheckResultViewModel.swift in Sources */ = {isa = PBXBuildFile; fileRef = 4ABEF1912BFC42D300904D3E /* CheckResultViewModel.swift */; };
		4ABEF1962BFC6F5500904D3E /* PrizeHeaderView.swift in Sources */ = {isa = PBXBuildFile; fileRef = 4ABEF1952BFC6F5500904D3E /* PrizeHeaderView.swift */; };
		4ABEF1982BFC715E00904D3E /* PrizeNumberView.swift in Sources */ = {isa = PBXBuildFile; fileRef = 4ABEF1972BFC715E00904D3E /* PrizeNumberView.swift */; };
		4ABEF19B2BFC809700904D3E /* PrizeNumberMultipleView.swift in Sources */ = {isa = PBXBuildFile; fileRef = 4ABEF19A2BFC809700904D3E /* PrizeNumberMultipleView.swift */; };
		4AF0975D2BF9DA21003A813B /* Lotto_JournalApp.swift in Sources */ = {isa = PBXBuildFile; fileRef = 4AF0975C2BF9DA21003A813B /* Lotto_JournalApp.swift */; };
		4AF0975F2BF9DA21003A813B /* MyLotteryView.swift in Sources */ = {isa = PBXBuildFile; fileRef = 4AF0975E2BF9DA21003A813B /* MyLotteryView.swift */; };
		4AF097612BF9DA21003A813B /* MyLotto.swift in Sources */ = {isa = PBXBuildFile; fileRef = 4AF097602BF9DA21003A813B /* MyLotto.swift */; };
		4AF097632BF9DA24003A813B /* Assets.xcassets in Resources */ = {isa = PBXBuildFile; fileRef = 4AF097622BF9DA24003A813B /* Assets.xcassets */; };
		4AF097662BF9DA24003A813B /* Preview Assets.xcassets in Resources */ = {isa = PBXBuildFile; fileRef = 4AF097652BF9DA24003A813B /* Preview Assets.xcassets */; };
		4AF097742BF9E2F0003A813B /* MainTabView.swift in Sources */ = {isa = PBXBuildFile; fileRef = 4AF097732BF9E2F0003A813B /* MainTabView.swift */; };
/* End PBXBuildFile section */

/* Begin PBXCopyFilesBuildPhase section */
		4A8C441C2BFB5DF8000461B9 /* Embed Frameworks */ = {
			isa = PBXCopyFilesBuildPhase;
			buildActionMask = 2147483647;
			dstPath = "";
			dstSubfolderSpec = 10;
			files = (
			);
			name = "Embed Frameworks";
			runOnlyForDeploymentPostprocessing = 0;
		};
/* End PBXCopyFilesBuildPhase section */

/* Begin PBXFileReference section */
		4A8C44072BFA747C000461B9 /* CheckResultView.swift */ = {isa = PBXFileReference; lastKnownFileType = sourcecode.swift; path = CheckResultView.swift; sourceTree = "<group>"; };
		4A8C44092BFA748F000461B9 /* SummaryView.swift */ = {isa = PBXFileReference; lastKnownFileType = sourcecode.swift; path = SummaryView.swift; sourceTree = "<group>"; };
		4A8C440C2BFAFA75000461B9 /* DateExtension.swift */ = {isa = PBXFileReference; lastKnownFileType = sourcecode.swift; path = DateExtension.swift; sourceTree = "<group>"; };
		4A8C441D2BFB675B000461B9 /* ResultLotto.swift */ = {isa = PBXFileReference; lastKnownFileType = sourcecode.swift; path = ResultLotto.swift; sourceTree = "<group>"; };
		4ABEF1912BFC42D300904D3E /* CheckResultViewModel.swift */ = {isa = PBXFileReference; lastKnownFileType = sourcecode.swift; path = CheckResultViewModel.swift; sourceTree = "<group>"; };
		4ABEF1952BFC6F5500904D3E /* PrizeHeaderView.swift */ = {isa = PBXFileReference; lastKnownFileType = sourcecode.swift; path = PrizeHeaderView.swift; sourceTree = "<group>"; };
		4ABEF1972BFC715E00904D3E /* PrizeNumberView.swift */ = {isa = PBXFileReference; lastKnownFileType = sourcecode.swift; path = PrizeNumberView.swift; sourceTree = "<group>"; };
		4ABEF19A2BFC809700904D3E /* PrizeNumberMultipleView.swift */ = {isa = PBXFileReference; lastKnownFileType = sourcecode.swift; path = PrizeNumberMultipleView.swift; sourceTree = "<group>"; };
		4AF097592BF9DA21003A813B /* Lotto Journal.app */ = {isa = PBXFileReference; explicitFileType = wrapper.application; includeInIndex = 0; path = "Lotto Journal.app"; sourceTree = BUILT_PRODUCTS_DIR; };
		4AF0975C2BF9DA21003A813B /* Lotto_JournalApp.swift */ = {isa = PBXFileReference; lastKnownFileType = sourcecode.swift; path = Lotto_JournalApp.swift; sourceTree = "<group>"; };
		4AF0975E2BF9DA21003A813B /* MyLotteryView.swift */ = {isa = PBXFileReference; lastKnownFileType = sourcecode.swift; path = MyLotteryView.swift; sourceTree = "<group>"; };
		4AF097602BF9DA21003A813B /* MyLotto.swift */ = {isa = PBXFileReference; lastKnownFileType = sourcecode.swift; path = MyLotto.swift; sourceTree = "<group>"; };
		4AF097622BF9DA24003A813B /* Assets.xcassets */ = {isa = PBXFileReference; lastKnownFileType = folder.assetcatalog; path = Assets.xcassets; sourceTree = "<group>"; };
		4AF097652BF9DA24003A813B /* Preview Assets.xcassets */ = {isa = PBXFileReference; lastKnownFileType = folder.assetcatalog; path = "Preview Assets.xcassets"; sourceTree = "<group>"; };
		4AF097732BF9E2F0003A813B /* MainTabView.swift */ = {isa = PBXFileReference; lastKnownFileType = sourcecode.swift; path = MainTabView.swift; sourceTree = "<group>"; };
/* End PBXFileReference section */

/* Begin PBXFrameworksBuildPhase section */
		4AF097562BF9DA21003A813B /* Frameworks */ = {
			isa = PBXFrameworksBuildPhase;
			buildActionMask = 2147483647;
			files = (
				4A8C441A2BFB567A000461B9 /* SwiftyJSON in Frameworks */,
				4A8C44132BFB5026000461B9 /* Alamofire in Frameworks */,
			);
			runOnlyForDeploymentPostprocessing = 0;
		};
/* End PBXFrameworksBuildPhase section */

/* Begin PBXGroup section */
		4A8C44042BF9FA1B000461B9 /* PageView */ = {
			isa = PBXGroup;
			children = (
				4AF0975E2BF9DA21003A813B /* MyLotteryView.swift */,
				4A8C44072BFA747C000461B9 /* CheckResultView.swift */,
				4A8C44092BFA748F000461B9 /* SummaryView.swift */,
			);
			name = PageView;
			sourceTree = "<group>";
		};
		4A8C440B2BFAFA34000461B9 /* Extensions */ = {
			isa = PBXGroup;
			children = (
				4A8C440C2BFAFA75000461B9 /* DateExtension.swift */,
			);
			path = Extensions;
			sourceTree = "<group>";
		};
		4A8C44102BFB2009000461B9 /* ViewModels */ = {
			isa = PBXGroup;
			children = (
				4ABEF1912BFC42D300904D3E /* CheckResultViewModel.swift */,
			);
			path = ViewModels;
			sourceTree = "<group>";
		};
		4ABEF1992BFC716500904D3E /* CheckResult */ = {
			isa = PBXGroup;
			children = (
				4ABEF1952BFC6F5500904D3E /* PrizeHeaderView.swift */,
				4ABEF1972BFC715E00904D3E /* PrizeNumberView.swift */,
				4ABEF19A2BFC809700904D3E /* PrizeNumberMultipleView.swift */,
			);
			name = CheckResult;
			sourceTree = "<group>";
		};
		4AF097502BF9DA21003A813B = {
			isa = PBXGroup;
			children = (
				4AF0975B2BF9DA21003A813B /* Lotto Journal */,
				4AF0975A2BF9DA21003A813B /* Products */,
			);
			sourceTree = "<group>";
		};
		4AF0975A2BF9DA21003A813B /* Products */ = {
			isa = PBXGroup;
			children = (
				4AF097592BF9DA21003A813B /* Lotto Journal.app */,
			);
			name = Products;
			sourceTree = "<group>";
		};
		4AF0975B2BF9DA21003A813B /* Lotto Journal */ = {
			isa = PBXGroup;
			children = (
				4AF0976C2BF9DA3A003A813B /* Models */,
				4AF0976D2BF9DA43003A813B /* Views */,
				4A8C44102BFB2009000461B9 /* ViewModels */,
				4AF0975C2BF9DA21003A813B /* Lotto_JournalApp.swift */,
				4A8C440B2BFAFA34000461B9 /* Extensions */,
				4AF097622BF9DA24003A813B /* Assets.xcassets */,
				4AF097642BF9DA24003A813B /* Preview Content */,
			);
			path = "Lotto Journal";
			sourceTree = "<group>";
		};
		4AF097642BF9DA24003A813B /* Preview Content */ = {
			isa = PBXGroup;
			children = (
				4AF097652BF9DA24003A813B /* Preview Assets.xcassets */,
			);
			path = "Preview Content";
			sourceTree = "<group>";
		};
		4AF0976C2BF9DA3A003A813B /* Models */ = {
			isa = PBXGroup;
			children = (
				4AF097602BF9DA21003A813B /* MyLotto.swift */,
				4A8C441D2BFB675B000461B9 /* ResultLotto.swift */,
			);
			path = Models;
			sourceTree = "<group>";
		};
		4AF0976D2BF9DA43003A813B /* Views */ = {
			isa = PBXGroup;
			children = (
				4A8C44042BF9FA1B000461B9 /* PageView */,
				4AF097722BF9DBA1003A813B /* Main */,
				4AF0976F2BF9DB75003A813B /* Components */,
			);
			path = Views;
			sourceTree = "<group>";
		};
		4AF0976F2BF9DB75003A813B /* Components */ = {
			isa = PBXGroup;
			children = (
				4ABEF1992BFC716500904D3E /* CheckResult */,
			);
			name = Components;
			sourceTree = "<group>";
		};
		4AF097722BF9DBA1003A813B /* Main */ = {
			isa = PBXGroup;
			children = (
				4AF097732BF9E2F0003A813B /* MainTabView.swift */,
			);
			name = Main;
			sourceTree = "<group>";
		};
/* End PBXGroup section */

/* Begin PBXNativeTarget section */
		4AF097582BF9DA21003A813B /* Lotto Journal */ = {
			isa = PBXNativeTarget;
			buildConfigurationList = 4AF097692BF9DA24003A813B /* Build configuration list for PBXNativeTarget "Lotto Journal" */;
			buildPhases = (
				4AF097552BF9DA21003A813B /* Sources */,
				4AF097562BF9DA21003A813B /* Frameworks */,
				4AF097572BF9DA21003A813B /* Resources */,
				4A8C441C2BFB5DF8000461B9 /* Embed Frameworks */,
			);
			buildRules = (
			);
			dependencies = (
			);
			name = "Lotto Journal";
			packageProductDependencies = (
				4A8C44122BFB5026000461B9 /* Alamofire */,
				4A8C44192BFB567A000461B9 /* SwiftyJSON */,
			);
			productName = "Lotto Journal";
			productReference = 4AF097592BF9DA21003A813B /* Lotto Journal.app */;
			productType = "com.apple.product-type.application";
		};
/* End PBXNativeTarget section */

/* Begin PBXProject section */
		4AF097512BF9DA21003A813B /* Project object */ = {
			isa = PBXProject;
			attributes = {
				BuildIndependentTargetsInParallel = 1;
				LastSwiftUpdateCheck = 1540;
				LastUpgradeCheck = 1540;
				TargetAttributes = {
					4AF097582BF9DA21003A813B = {
						CreatedOnToolsVersion = 15.4;
					};
				};
			};
			buildConfigurationList = 4AF097542BF9DA21003A813B /* Build configuration list for PBXProject "Lotto Journal" */;
			compatibilityVersion = "Xcode 14.0";
			developmentRegion = en;
			hasScannedForEncodings = 0;
			knownRegions = (
				en,
				Base,
			);
			mainGroup = 4AF097502BF9DA21003A813B;
			packageReferences = (
				4A8C44112BFB5026000461B9 /* XCRemoteSwiftPackageReference "Alamofire" */,
				4A8C44182BFB567A000461B9 /* XCRemoteSwiftPackageReference "SwiftyJSON" */,
			);
			productRefGroup = 4AF0975A2BF9DA21003A813B /* Products */;
			projectDirPath = "";
			projectRoot = "";
			targets = (
				4AF097582BF9DA21003A813B /* Lotto Journal */,
			);
		};
/* End PBXProject section */

/* Begin PBXResourcesBuildPhase section */
		4AF097572BF9DA21003A813B /* Resources */ = {
			isa = PBXResourcesBuildPhase;
			buildActionMask = 2147483647;
			files = (
				4AF097662BF9DA24003A813B /* Preview Assets.xcassets in Resources */,
				4AF097632BF9DA24003A813B /* Assets.xcassets in Resources */,
			);
			runOnlyForDeploymentPostprocessing = 0;
		};
/* End PBXResourcesBuildPhase section */

/* Begin PBXSourcesBuildPhase section */
		4AF097552BF9DA21003A813B /* Sources */ = {
			isa = PBXSourcesBuildPhase;
			buildActionMask = 2147483647;
			files = (
				4ABEF1962BFC6F5500904D3E /* PrizeHeaderView.swift in Sources */,
				4ABEF1982BFC715E00904D3E /* PrizeNumberView.swift in Sources */,
				4AF0975F2BF9DA21003A813B /* MyLotteryView.swift in Sources */,
				4A8C440D2BFAFA75000461B9 /* DateExtension.swift in Sources */,
				4AF097612BF9DA21003A813B /* MyLotto.swift in Sources */,
				4A8C44082BFA747C000461B9 /* CheckResultView.swift in Sources */,
				4AF0975D2BF9DA21003A813B /* Lotto_JournalApp.swift in Sources */,
				4A8C441E2BFB675C000461B9 /* ResultLotto.swift in Sources */,
				4AF097742BF9E2F0003A813B /* MainTabView.swift in Sources */,
				4ABEF1922BFC42D300904D3E /* CheckResultViewModel.swift in Sources */,
				4ABEF19B2BFC809700904D3E /* PrizeNumberMultipleView.swift in Sources */,
				4A8C440A2BFA748F000461B9 /* SummaryView.swift in Sources */,
			);
			runOnlyForDeploymentPostprocessing = 0;
		};
/* End PBXSourcesBuildPhase section */

/* Begin XCBuildConfiguration section */
		4AF097672BF9DA24003A813B /* Debug */ = {
			isa = XCBuildConfiguration;
			buildSettings = {
				ALWAYS_SEARCH_USER_PATHS = NO;
				ASSETCATALOG_COMPILER_GENERATE_SWIFT_ASSET_SYMBOL_EXTENSIONS = YES;
				CLANG_ANALYZER_NONNULL = YES;
				CLANG_ANALYZER_NUMBER_OBJECT_CONVERSION = YES_AGGRESSIVE;
				CLANG_CXX_LANGUAGE_STANDARD = "gnu++20";
				CLANG_ENABLE_MODULES = YES;
				CLANG_ENABLE_OBJC_ARC = YES;
				CLANG_ENABLE_OBJC_WEAK = YES;
				CLANG_WARN_BLOCK_CAPTURE_AUTORELEASING = YES;
				CLANG_WARN_BOOL_CONVERSION = YES;
				CLANG_WARN_COMMA = YES;
				CLANG_WARN_CONSTANT_CONVERSION = YES;
				CLANG_WARN_DEPRECATED_OBJC_IMPLEMENTATIONS = YES;
				CLANG_WARN_DIRECT_OBJC_ISA_USAGE = YES_ERROR;
				CLANG_WARN_DOCUMENTATION_COMMENTS = YES;
				CLANG_WARN_EMPTY_BODY = YES;
				CLANG_WARN_ENUM_CONVERSION = YES;
				CLANG_WARN_INFINITE_RECURSION = YES;
				CLANG_WARN_INT_CONVERSION = YES;
				CLANG_WARN_NON_LITERAL_NULL_CONVERSION = YES;
				CLANG_WARN_OBJC_IMPLICIT_RETAIN_SELF = YES;
				CLANG_WARN_OBJC_LITERAL_CONVERSION = YES;
				CLANG_WARN_OBJC_ROOT_CLASS = YES_ERROR;
				CLANG_WARN_QUOTED_INCLUDE_IN_FRAMEWORK_HEADER = YES;
				CLANG_WARN_RANGE_LOOP_ANALYSIS = YES;
				CLANG_WARN_STRICT_PROTOTYPES = YES;
				CLANG_WARN_SUSPICIOUS_MOVE = YES;
				CLANG_WARN_UNGUARDED_AVAILABILITY = YES_AGGRESSIVE;
				CLANG_WARN_UNREACHABLE_CODE = YES;
				CLANG_WARN__DUPLICATE_METHOD_MATCH = YES;
				COPY_PHASE_STRIP = NO;
				DEBUG_INFORMATION_FORMAT = dwarf;
				ENABLE_STRICT_OBJC_MSGSEND = YES;
				ENABLE_TESTABILITY = YES;
				ENABLE_USER_SCRIPT_SANDBOXING = YES;
				GCC_C_LANGUAGE_STANDARD = gnu17;
				GCC_DYNAMIC_NO_PIC = NO;
				GCC_NO_COMMON_BLOCKS = YES;
				GCC_OPTIMIZATION_LEVEL = 0;
				GCC_PREPROCESSOR_DEFINITIONS = (
					"DEBUG=1",
					"$(inherited)",
				);
				GCC_WARN_64_TO_32_BIT_CONVERSION = YES;
				GCC_WARN_ABOUT_RETURN_TYPE = YES_ERROR;
				GCC_WARN_UNDECLARED_SELECTOR = YES;
				GCC_WARN_UNINITIALIZED_AUTOS = YES_AGGRESSIVE;
				GCC_WARN_UNUSED_FUNCTION = YES;
				GCC_WARN_UNUSED_VARIABLE = YES;
				IPHONEOS_DEPLOYMENT_TARGET = 17.5;
				LOCALIZATION_PREFERS_STRING_CATALOGS = YES;
				MTL_ENABLE_DEBUG_INFO = INCLUDE_SOURCE;
				MTL_FAST_MATH = YES;
				ONLY_ACTIVE_ARCH = YES;
				SDKROOT = iphoneos;
				SWIFT_ACTIVE_COMPILATION_CONDITIONS = "DEBUG $(inherited)";
				SWIFT_OPTIMIZATION_LEVEL = "-Onone";
			};
			name = Debug;
		};
		4AF097682BF9DA24003A813B /* Release */ = {
			isa = XCBuildConfiguration;
			buildSettings = {
				ALWAYS_SEARCH_USER_PATHS = NO;
				ASSETCATALOG_COMPILER_GENERATE_SWIFT_ASSET_SYMBOL_EXTENSIONS = YES;
				CLANG_ANALYZER_NONNULL = YES;
				CLANG_ANALYZER_NUMBER_OBJECT_CONVERSION = YES_AGGRESSIVE;
				CLANG_CXX_LANGUAGE_STANDARD = "gnu++20";
				CLANG_ENABLE_MODULES = YES;
				CLANG_ENABLE_OBJC_ARC = YES;
				CLANG_ENABLE_OBJC_WEAK = YES;
				CLANG_WARN_BLOCK_CAPTURE_AUTORELEASING = YES;
				CLANG_WARN_BOOL_CONVERSION = YES;
				CLANG_WARN_COMMA = YES;
				CLANG_WARN_CONSTANT_CONVERSION = YES;
				CLANG_WARN_DEPRECATED_OBJC_IMPLEMENTATIONS = YES;
				CLANG_WARN_DIRECT_OBJC_ISA_USAGE = YES_ERROR;
				CLANG_WARN_DOCUMENTATION_COMMENTS = YES;
				CLANG_WARN_EMPTY_BODY = YES;
				CLANG_WARN_ENUM_CONVERSION = YES;
				CLANG_WARN_INFINITE_RECURSION = YES;
				CLANG_WARN_INT_CONVERSION = YES;
				CLANG_WARN_NON_LITERAL_NULL_CONVERSION = YES;
				CLANG_WARN_OBJC_IMPLICIT_RETAIN_SELF = YES;
				CLANG_WARN_OBJC_LITERAL_CONVERSION = YES;
				CLANG_WARN_OBJC_ROOT_CLASS = YES_ERROR;
				CLANG_WARN_QUOTED_INCLUDE_IN_FRAMEWORK_HEADER = YES;
				CLANG_WARN_RANGE_LOOP_ANALYSIS = YES;
				CLANG_WARN_STRICT_PROTOTYPES = YES;
				CLANG_WARN_SUSPICIOUS_MOVE = YES;
				CLANG_WARN_UNGUARDED_AVAILABILITY = YES_AGGRESSIVE;
				CLANG_WARN_UNREACHABLE_CODE = YES;
				CLANG_WARN__DUPLICATE_METHOD_MATCH = YES;
				COPY_PHASE_STRIP = NO;
				DEBUG_INFORMATION_FORMAT = "dwarf-with-dsym";
				ENABLE_NS_ASSERTIONS = NO;
				ENABLE_STRICT_OBJC_MSGSEND = YES;
				ENABLE_USER_SCRIPT_SANDBOXING = YES;
				GCC_C_LANGUAGE_STANDARD = gnu17;
				GCC_NO_COMMON_BLOCKS = YES;
				GCC_WARN_64_TO_32_BIT_CONVERSION = YES;
				GCC_WARN_ABOUT_RETURN_TYPE = YES_ERROR;
				GCC_WARN_UNDECLARED_SELECTOR = YES;
				GCC_WARN_UNINITIALIZED_AUTOS = YES_AGGRESSIVE;
				GCC_WARN_UNUSED_FUNCTION = YES;
				GCC_WARN_UNUSED_VARIABLE = YES;
				IPHONEOS_DEPLOYMENT_TARGET = 17.5;
				LOCALIZATION_PREFERS_STRING_CATALOGS = YES;
				MTL_ENABLE_DEBUG_INFO = NO;
				MTL_FAST_MATH = YES;
				SDKROOT = iphoneos;
				SWIFT_COMPILATION_MODE = wholemodule;
				VALIDATE_PRODUCT = YES;
			};
			name = Release;
		};
		4AF0976A2BF9DA24003A813B /* Debug */ = {
			isa = XCBuildConfiguration;
			buildSettings = {
				ASSETCATALOG_COMPILER_APPICON_NAME = AppIcon;
				ASSETCATALOG_COMPILER_GLOBAL_ACCENT_COLOR_NAME = AccentColor;
				CODE_SIGN_STYLE = Automatic;
				CURRENT_PROJECT_VERSION = 1;
				DEVELOPMENT_ASSET_PATHS = "\"Lotto Journal/Preview Content\"";
				DEVELOPMENT_TEAM = NW4HLMMSCB;
				ENABLE_PREVIEWS = YES;
				GENERATE_INFOPLIST_FILE = YES;
				INFOPLIST_KEY_CFBundleDisplayName = "Lotto Journal";
				INFOPLIST_KEY_LSApplicationCategoryType = "public.app-category.utilities";
				INFOPLIST_KEY_UIApplicationSceneManifest_Generation = YES;
				INFOPLIST_KEY_UIApplicationSupportsIndirectInputEvents = YES;
				INFOPLIST_KEY_UILaunchScreen_Generation = YES;
				INFOPLIST_KEY_UISupportedInterfaceOrientations = UIInterfaceOrientationPortrait;
				INFOPLIST_KEY_UISupportedInterfaceOrientations_iPad = "UIInterfaceOrientationLandscapeLeft UIInterfaceOrientationLandscapeRight UIInterfaceOrientationPortrait UIInterfaceOrientationPortraitUpsideDown";
				IPHONEOS_DEPLOYMENT_TARGET = 17.0;
				LD_RUNPATH_SEARCH_PATHS = (
					"$(inherited)",
					"@executable_path/Frameworks",
				);
				MARKETING_VERSION = 1.0;
				PRODUCT_BUNDLE_IDENTIFIER = me.theppitak.LottoJournal;
				PRODUCT_NAME = "$(TARGET_NAME)";
				SUPPORTED_PLATFORMS = "iphoneos iphonesimulator";
				SUPPORTS_MACCATALYST = NO;
				SUPPORTS_MAC_DESIGNED_FOR_IPHONE_IPAD = NO;
				SUPPORTS_XR_DESIGNED_FOR_IPHONE_IPAD = NO;
				SWIFT_EMIT_LOC_STRINGS = YES;
				SWIFT_VERSION = 5.0;
				TARGETED_DEVICE_FAMILY = 1;
			};
			name = Debug;
		};
		4AF0976B2BF9DA24003A813B /* Release */ = {
			isa = XCBuildConfiguration;
			buildSettings = {
				ASSETCATALOG_COMPILER_APPICON_NAME = AppIcon;
				ASSETCATALOG_COMPILER_GLOBAL_ACCENT_COLOR_NAME = AccentColor;
				CODE_SIGN_STYLE = Automatic;
				CURRENT_PROJECT_VERSION = 1;
				DEVELOPMENT_ASSET_PATHS = "\"Lotto Journal/Preview Content\"";
				DEVELOPMENT_TEAM = NW4HLMMSCB;
				ENABLE_PREVIEWS = YES;
				GENERATE_INFOPLIST_FILE = YES;
				INFOPLIST_KEY_CFBundleDisplayName = "Lotto Journal";
				INFOPLIST_KEY_LSApplicationCategoryType = "public.app-category.utilities";
				INFOPLIST_KEY_UIApplicationSceneManifest_Generation = YES;
				INFOPLIST_KEY_UIApplicationSupportsIndirectInputEvents = YES;
				INFOPLIST_KEY_UILaunchScreen_Generation = YES;
				INFOPLIST_KEY_UISupportedInterfaceOrientations = UIInterfaceOrientationPortrait;
				INFOPLIST_KEY_UISupportedInterfaceOrientations_iPad = "UIInterfaceOrientationLandscapeLeft UIInterfaceOrientationLandscapeRight UIInterfaceOrientationPortrait UIInterfaceOrientationPortraitUpsideDown";
				IPHONEOS_DEPLOYMENT_TARGET = 17.0;
				LD_RUNPATH_SEARCH_PATHS = (
					"$(inherited)",
					"@executable_path/Frameworks",
				);
				MARKETING_VERSION = 1.0;
				PRODUCT_BUNDLE_IDENTIFIER = me.theppitak.LottoJournal;
				PRODUCT_NAME = "$(TARGET_NAME)";
				SUPPORTED_PLATFORMS = "iphoneos iphonesimulator";
				SUPPORTS_MACCATALYST = NO;
				SUPPORTS_MAC_DESIGNED_FOR_IPHONE_IPAD = NO;
				SUPPORTS_XR_DESIGNED_FOR_IPHONE_IPAD = NO;
				SWIFT_EMIT_LOC_STRINGS = YES;
				SWIFT_VERSION = 5.0;
				TARGETED_DEVICE_FAMILY = 1;
			};
			name = Release;
		};
/* End XCBuildConfiguration section */

/* Begin XCConfigurationList section */
		4AF097542BF9DA21003A813B /* Build configuration list for PBXProject "Lotto Journal" */ = {
			isa = XCConfigurationList;
			buildConfigurations = (
				4AF097672BF9DA24003A813B /* Debug */,
				4AF097682BF9DA24003A813B /* Release */,
			);
			defaultConfigurationIsVisible = 0;
			defaultConfigurationName = Release;
		};
		4AF097692BF9DA24003A813B /* Build configuration list for PBXNativeTarget "Lotto Journal" */ = {
			isa = XCConfigurationList;
			buildConfigurations = (
				4AF0976A2BF9DA24003A813B /* Debug */,
				4AF0976B2BF9DA24003A813B /* Release */,
			);
			defaultConfigurationIsVisible = 0;
			defaultConfigurationName = Release;
		};
/* End XCConfigurationList section */

/* Begin XCRemoteSwiftPackageReference section */
		4A8C44112BFB5026000461B9 /* XCRemoteSwiftPackageReference "Alamofire" */ = {
			isa = XCRemoteSwiftPackageReference;
			repositoryURL = "https://github.com/Alamofire/Alamofire.git";
			requirement = {
				kind = upToNextMajorVersion;
				minimumVersion = 5.9.1;
			};
		};
		4A8C44182BFB567A000461B9 /* XCRemoteSwiftPackageReference "SwiftyJSON" */ = {
			isa = XCRemoteSwiftPackageReference;
			repositoryURL = "https://github.com/SwiftyJSON/SwiftyJSON.git";
			requirement = {
				kind = upToNextMajorVersion;
				minimumVersion = 5.0.2;
			};
		};
/* End XCRemoteSwiftPackageReference section */

/* Begin XCSwiftPackageProductDependency section */
		4A8C44122BFB5026000461B9 /* Alamofire */ = {
			isa = XCSwiftPackageProductDependency;
			package = 4A8C44112BFB5026000461B9 /* XCRemoteSwiftPackageReference "Alamofire" */;
			productName = Alamofire;
		};
		4A8C44192BFB567A000461B9 /* SwiftyJSON */ = {
			isa = XCSwiftPackageProductDependency;
			package = 4A8C44182BFB567A000461B9 /* XCRemoteSwiftPackageReference "SwiftyJSON" */;
			productName = SwiftyJSON;
		};
/* End XCSwiftPackageProductDependency section */
	};
	rootObject = 4AF097512BF9DA21003A813B /* Project object */;
}
